
Microsoft Visual Studio Solution File, Format Version 12.00
# Visual Studio Version 17
VisualStudioVersion = 17.9.34607.119
MinimumVisualStudioVersion = 10.0.40219.1
Project("{9A19103F-16F7-4668-BE54-9A1E7A4F7556}") = "DxBlazorApp1", "DxBlazorApp1\DxBlazorApp1.csproj", "{2C387A01-857E-45BF-8978-CE0D41933175}"
EndProject
Global
	GlobalSection(SolutionConfigurationPlatforms) = preSolution
		Debug|Any CPU = Debug|Any CPU
		Release|Any CPU = Release|Any CPU
	EndGlobalSection
	GlobalSection(ProjectConfigurationPlatforms) = postSolution
		{2C387A01-857E-45BF-8978-CE0D41933175}.Debug|Any CPU.ActiveCfg = Debug|Any CPU
		{2C387A01-857E-45BF-8978-CE0D41933175}.Debug|Any CPU.Build.0 = Debug|Any CPU
		{2C387A01-857E-45BF-8978-CE0D41933175}.Release|Any CPU.ActiveCfg = Release|Any CPU
		{2C387A01-857E-45BF-8978-CE0D41933175}.Release|Any CPU.Build.0 = Release|Any CPU
	EndGlobalSection
	GlobalSection(SolutionProperties) = preSolution
		HideSolutionNode = FALSE
	EndGlobalSection
	GlobalSection(ExtensibilityGlobals) = postSolution
		SolutionGuid = {86D64FC9-CDB7-4CB3-9016-7CF57498DCA2}
	EndGlobalSection
EndGlobal
